
Microsoft Visual Studio Solution File, Format Version 12.00
# Visual Studio 15
VisualStudioVersion = 15.0.27825.0
MinimumVisualStudioVersion = 10.0.40219.1
Project("{FAE04EC0-301F-11D3-BF4B-00C04F79EFBC}") = "RazorPagesCV", "RazorPagesCV\RazorPagesCV.csproj", "{AB894264-A6CC-4838-BDB3-70099D37CD88}"
EndProject
Global
	GlobalSection(SolutionConfigurationPlatforms) = preSolution
		Debug|Any CPU = Debug|Any CPU
		Release|Any CPU = Release|Any CPU
	EndGlobalSection
	GlobalSection(ProjectConfigurationPlatforms) = postSolution
		{AB894264-A6CC-4838-BDB3-70099D37CD88}.Debug|Any CPU.ActiveCfg = Debug|Any CPU
		{AB894264-A6CC-4838-BDB3-70099D37CD88}.Debug|Any CPU.Build.0 = Debug|Any CPU
		{AB894264-A6CC-4838-BDB3-70099D37CD88}.Release|Any CPU.ActiveCfg = Release|Any CPU
		{AB894264-A6CC-4838-BDB3-70099D37CD88}.Release|Any CPU.Build.0 = Release|Any CPU
	EndGlobalSection
	GlobalSection(SolutionProperties) = preSolution
		HideSolutionNode = FALSE
	EndGlobalSection
	GlobalSection(ExtensibilityGlobals) = postSolution
		SolutionGuid = {94C64C85-0EC4-48AE-A660-8BEAABC7C2F0}
	EndGlobalSection
EndGlobal
